// !$*UTF8*$!
{
	archiveVersion = 1;
	classes = {
	};
	objectVersion = 46;
	objects = {

/* Begin PBXBuildFile section */
		9E04C7391753EB480010CD55 /* UIKit.framework in Frameworks */ = {isa = PBXBuildFile; fileRef = 9E04C7381753EB480010CD55 /* UIKit.framework */; };
		9E04C73B1753EB480010CD55 /* Foundation.framework in Frameworks */ = {isa = PBXBuildFile; fileRef = 9E04C73A1753EB480010CD55 /* Foundation.framework */; };
		9E04C73D1753EB480010CD55 /* CoreGraphics.framework in Frameworks */ = {isa = PBXBuildFile; fileRef = 9E04C73C1753EB480010CD55 /* CoreGraphics.framework */; };
		9E04C7431753EB480010CD55 /* InfoPlist.strings in Resources */ = {isa = PBXBuildFile; fileRef = 9E04C7411753EB480010CD55 /* InfoPlist.strings */; };
		9E04C7451753EB480010CD55 /* main.m in Sources */ = {isa = PBXBuildFile; fileRef = 9E04C7441753EB480010CD55 /* main.m */; };
		9E04C7491753EB480010CD55 /* AppDelegate.m in Sources */ = {isa = PBXBuildFile; fileRef = 9E04C7481753EB480010CD55 /* AppDelegate.m */; };
		9E04C74B1753EB480010CD55 /* Default.png in Resources */ = {isa = PBXBuildFile; fileRef = 9E04C74A1753EB480010CD55 /* Default.png */; };
		9E04C74D1753EB480010CD55 /* Default@2x.png in Resources */ = {isa = PBXBuildFile; fileRef = 9E04C74C1753EB480010CD55 /* Default@2x.png */; };
		9E04C74F1753EB480010CD55 /* Default-568h@2x.png in Resources */ = {isa = PBXBuildFile; fileRef = 9E04C74E1753EB480010CD55 /* Default-568h@2x.png */; };
		9E04C7521753EB480010CD55 /* MainStoryboard.storyboard in Resources */ = {isa = PBXBuildFile; fileRef = 9E04C7501753EB480010CD55 /* MainStoryboard.storyboard */; };
		9E04C7551753EB480010CD55 /* ViewController.m in Sources */ = {isa = PBXBuildFile; fileRef = 9E04C7541753EB480010CD55 /* ViewController.m */; };
		9E04C75D1753F40D0010CD55 /* ViewContactViewController.m in Sources */ = {isa = PBXBuildFile; fileRef = 9E04C75C1753F40D0010CD55 /* ViewContactViewController.m */; };
		9E04C7601753F4230010CD55 /* AddContactViewController.m in Sources */ = {isa = PBXBuildFile; fileRef = 9E04C75F1753F4230010CD55 /* AddContactViewController.m */; };
		9E04C7631753F73B0010CD55 /* Contact.m in Sources */ = {isa = PBXBuildFile; fileRef = 9E04C7621753F73B0010CD55 /* Contact.m */; };
		9E04C7671753FE400010CD55 /* kanye.png in Resources */ = {isa = PBXBuildFile; fileRef = 9E04C7641753FE400010CD55 /* kanye.png */; };
		9E04C7681753FE400010CD55 /* kim.png in Resources */ = {isa = PBXBuildFile; fileRef = 9E04C7651753FE400010CD55 /* kim.png */; };
		9E04C7691753FE400010CD55 /* kobe.png in Resources */ = {isa = PBXBuildFile; fileRef = 9E04C7661753FE400010CD55 /* kobe.png */; };
/* End PBXBuildFile section */

/* Begin PBXFileReference section */
		9E04C7351753EB480010CD55 /* AddressBookMashup.app */ = {isa = PBXFileReference; explicitFileType = wrapper.application; includeInIndex = 0; path = AddressBookMashup.app; sourceTree = BUILT_PRODUCTS_DIR; };
		9E04C7381753EB480010CD55 /* UIKit.framework */ = {isa = PBXFileReference; lastKnownFileType = wrapper.framework; name = UIKit.framework; path = System/Library/Frameworks/UIKit.framework; sourceTree = SDKROOT; };
		9E04C73A1753EB480010CD55 /* Foundation.framework */ = {isa = PBXFileReference; lastKnownFileType = wrapper.framework; name = Foundation.framework; path = System/Library/Frameworks/Foundation.framework; sourceTree = SDKROOT; };
		9E04C73C1753EB480010CD55 /* CoreGraphics.framework */ = {isa = PBXFileReference; lastKnownFileType = wrapper.framework; name = CoreGraphics.framework; path = System/Library/Frameworks/CoreGraphics.framework; sourceTree = SDKROOT; };
		9E04C7401753EB480010CD55 /* AddressBookMashup-Info.plist */ = {isa = PBXFileReference; lastKnownFileType = text.plist.xml; path = "AddressBookMashup-Info.plist"; sourceTree = "<group>"; };
		9E04C7421753EB480010CD55 /* en */ = {isa = PBXFileReference; lastKnownFileType = text.plist.strings; name = en; path = en.lproj/InfoPlist.strings; sourceTree = "<group>"; };
		9E04C7441753EB480010CD55 /* main.m */ = {isa = PBXFileReference; lastKnownFileType = sourcecode.c.objc; path = main.m; sourceTree = "<group>"; };
		9E04C7461753EB480010CD55 /* AddressBookMashup-Prefix.pch */ = {isa = PBXFileReference; lastKnownFileType = sourcecode.c.h; path = "AddressBookMashup-Prefix.pch"; sourceTree = "<group>"; };
		9E04C7471753EB480010CD55 /* AppDelegate.h */ = {isa = PBXFileReference; lastKnownFileType = sourcecode.c.h; path = AppDelegate.h; sourceTree = "<group>"; };
		9E04C7481753EB480010CD55 /* AppDelegate.m */ = {isa = PBXFileReference; lastKnownFileType = sourcecode.c.objc; path = AppDelegate.m; sourceTree = "<group>"; };
		9E04C74A1753EB480010CD55 /* Default.png */ = {isa = PBXFileReference; lastKnownFileType = image.png; path = Default.png; sourceTree = "<group>"; };
		9E04C74C1753EB480010CD55 /* Default@2x.png */ = {isa = PBXFileReference; lastKnownFileType = image.png; path = "Default@2x.png"; sourceTree = "<group>"; };
		9E04C74E1753EB480010CD55 /* Default-568h@2x.png */ = {isa = PBXFileReference; lastKnownFileType = image.png; path = "Default-568h@2x.png"; sourceTree = "<group>"; };
		9E04C7511753EB480010CD55 /* en */ = {isa = PBXFileReference; lastKnownFileType = file.storyboard; name = en; path = en.lproj/MainStoryboard.storyboard; sourceTree = "<group>"; };
		9E04C7531753EB480010CD55 /* ViewController.h */ = {isa = PBXFileReference; lastKnownFileType = sourcecode.c.h; path = ViewController.h; sourceTree = "<group>"; };
		9E04C7541753EB480010CD55 /* ViewController.m */ = {isa = PBXFileReference; lastKnownFileType = sourcecode.c.objc; path = ViewController.m; sourceTree = "<group>"; };
		9E04C75B1753F40D0010CD55 /* ViewContactViewController.h */ = {isa = PBXFileReference; fileEncoding = 4; lastKnownFileType = sourcecode.c.h; path = ViewContactViewController.h; sourceTree = "<group>"; };
		9E04C75C1753F40D0010CD55 /* ViewContactViewController.m */ = {isa = PBXFileReference; fileEncoding = 4; lastKnownFileType = sourcecode.c.objc; path = ViewContactViewController.m; sourceTree = "<group>"; };
		9E04C75E1753F4230010CD55 /* AddContactViewController.h */ = {isa = PBXFileReference; fileEncoding = 4; lastKnownFileType = sourcecode.c.h; path = AddContactViewController.h; sourceTree = "<group>"; };
		9E04C75F1753F4230010CD55 /* AddContactViewController.m */ = {isa = PBXFileReference; fileEncoding = 4; lastKnownFileType = sourcecode.c.objc; path = AddContactViewController.m; sourceTree = "<group>"; };
		9E04C7611753F73B0010CD55 /* Contact.h */ = {isa = PBXFileReference; fileEncoding = 4; lastKnownFileType = sourcecode.c.h; path = Contact.h; sourceTree = "<group>"; };
		9E04C7621753F73B0010CD55 /* Contact.m */ = {isa = PBXFileReference; fileEncoding = 4; lastKnownFileType = sourcecode.c.objc; path = Contact.m; sourceTree = "<group>"; };
		9E04C7641753FE400010CD55 /* kanye.png */ = {isa = PBXFileReference; lastKnownFileType = image.png; path = kanye.png; sourceTree = "<group>"; };
		9E04C7651753FE400010CD55 /* kim.png */ = {isa = PBXFileReference; lastKnownFileType = image.png; path = kim.png; sourceTree = "<group>"; };
		9E04C7661753FE400010CD55 /* kobe.png */ = {isa = PBXFileReference; lastKnownFileType = image.png; path = kobe.png; sourceTree = "<group>"; };
/* End PBXFileReference section */

/* Begin PBXFrameworksBuildPhase section */
		9E04C7321753EB480010CD55 /* Frameworks */ = {
			isa = PBXFrameworksBuildPhase;
			buildActionMask = 2147483647;
			files = (
				9E04C7391753EB480010CD55 /* UIKit.framework in Frameworks */,
				9E04C73B1753EB480010CD55 /* Foundation.framework in Frameworks */,
				9E04C73D1753EB480010CD55 /* CoreGraphics.framework in Frameworks */,
			);
			runOnlyForDeploymentPostprocessing = 0;
		};
/* End PBXFrameworksBuildPhase section */

/* Begin PBXGroup section */
		9E04C72C1753EB480010CD55 = {
			isa = PBXGroup;
			children = (
				9E04C73E1753EB480010CD55 /* AddressBookMashup */,
				9E04C7371753EB480010CD55 /* Frameworks */,
				9E04C7361753EB480010CD55 /* Products */,
			);
			sourceTree = "<group>";
		};
		9E04C7361753EB480010CD55 /* Products */ = {
			isa = PBXGroup;
			children = (
				9E04C7351753EB480010CD55 /* AddressBookMashup.app */,
			);
			name = Products;
			sourceTree = "<group>";
		};
		9E04C7371753EB480010CD55 /* Frameworks */ = {
			isa = PBXGroup;
			children = (
				9E04C7381753EB480010CD55 /* UIKit.framework */,
				9E04C73A1753EB480010CD55 /* Foundation.framework */,
				9E04C73C1753EB480010CD55 /* CoreGraphics.framework */,
			);
			name = Frameworks;
			sourceTree = "<group>";
		};
		9E04C73E1753EB480010CD55 /* AddressBookMashup */ = {
			isa = PBXGroup;
			children = (
				9E04C7471753EB480010CD55 /* AppDelegate.h */,
				9E04C7481753EB480010CD55 /* AppDelegate.m */,
				9E04C7501753EB480010CD55 /* MainStoryboard.storyboard */,
				9E04C75E1753F4230010CD55 /* AddContactViewController.h */,
				9E04C75F1753F4230010CD55 /* AddContactViewController.m */,
				9E04C7611753F73B0010CD55 /* Contact.h */,
				9E04C7621753F73B0010CD55 /* Contact.m */,
				9E04C75B1753F40D0010CD55 /* ViewContactViewController.h */,
				9E04C75C1753F40D0010CD55 /* ViewContactViewController.m */,
				9E04C7531753EB480010CD55 /* ViewController.h */,
				9E04C7541753EB480010CD55 /* ViewController.m */,
				9E04C73F1753EB480010CD55 /* Supporting Files */,
			);
			path = AddressBookMashup;
			sourceTree = "<group>";
		};
		9E04C73F1753EB480010CD55 /* Supporting Files */ = {
			isa = PBXGroup;
			children = (
				9E04C7641753FE400010CD55 /* kanye.png */,
				9E04C7651753FE400010CD55 /* kim.png */,
				9E04C7661753FE400010CD55 /* kobe.png */,
				9E04C7401753EB480010CD55 /* AddressBookMashup-Info.plist */,
				9E04C7411753EB480010CD55 /* InfoPlist.strings */,
				9E04C7441753EB480010CD55 /* main.m */,
				9E04C7461753EB480010CD55 /* AddressBookMashup-Prefix.pch */,
				9E04C74A1753EB480010CD55 /* Default.png */,
				9E04C74C1753EB480010CD55 /* Default@2x.png */,
				9E04C74E1753EB480010CD55 /* Default-568h@2x.png */,
			);
			name = "Supporting Files";
			sourceTree = "<group>";
		};
/* End PBXGroup section */

/* Begin PBXNativeTarget section */
		9E04C7341753EB480010CD55 /* AddressBookMashup */ = {
			isa = PBXNativeTarget;
			buildConfigurationList = 9E04C7581753EB480010CD55 /* Build configuration list for PBXNativeTarget "AddressBookMashup" */;
			buildPhases = (
				9E04C7311753EB480010CD55 /* Sources */,
				9E04C7321753EB480010CD55 /* Frameworks */,
				9E04C7331753EB480010CD55 /* Resources */,
			);
			buildRules = (
			);
			dependencies = (
			);
			name = AddressBookMashup;
			productName = AddressBookMashup;
			productReference = 9E04C7351753EB480010CD55 /* AddressBookMashup.app */;
			productType = "com.apple.product-type.application";
		};
/* End PBXNativeTarget section */

/* Begin PBXProject section */
		9E04C72D1753EB480010CD55 /* Project object */ = {
			isa = PBXProject;
			attributes = {
				LastUpgradeCheck = 0460;
				ORGANIZATIONNAME = "Andrew McCallum";
			};
			buildConfigurationList = 9E04C7301753EB480010CD55 /* Build configuration list for PBXProject "AddressBookMashup" */;
			compatibilityVersion = "Xcode 3.2";
			developmentRegion = English;
			hasScannedForEncodings = 0;
			knownRegions = (
				en,
			);
			mainGroup = 9E04C72C1753EB480010CD55;
			productRefGroup = 9E04C7361753EB480010CD55 /* Products */;
			projectDirPath = "";
			projectRoot = "";
			targets = (
				9E04C7341753EB480010CD55 /* AddressBookMashup */,
			);
		};
/* End PBXProject section */

/* Begin PBXResourcesBuildPhase section */
		9E04C7331753EB480010CD55 /* Resources */ = {
			isa = PBXResourcesBuildPhase;
			buildActionMask = 2147483647;
			files = (
				9E04C7431753EB480010CD55 /* InfoPlist.strings in Resources */,
				9E04C74B1753EB480010CD55 /* Default.png in Resources */,
				9E04C74D1753EB480010CD55 /* Default@2x.png in Resources */,
				9E04C74F1753EB480010CD55 /* Default-568h@2x.png in Resources */,
				9E04C7521753EB480010CD55 /* MainStoryboard.storyboard in Resources */,
				9E04C7671753FE400010CD55 /* kanye.png in Resources */,
				9E04C7681753FE400010CD55 /* kim.png in Resources */,
				9E04C7691753FE400010CD55 /* kobe.png in Resources */,
			);
			runOnlyForDeploymentPostprocessing = 0;
		};
/* End PBXResourcesBuildPhase section */

/* Begin PBXSourcesBuildPhase section */
		9E04C7311753EB480010CD55 /* Sources */ = {
			isa = PBXSourcesBuildPhase;
			buildActionMask = 2147483647;
			files = (
				9E04C7451753EB480010CD55 /* main.m in Sources */,
				9E04C7491753EB480010CD55 /* AppDelegate.m in Sources */,
				9E04C7551753EB480010CD55 /* ViewController.m in Sources */,
				9E04C75D1753F40D0010CD55 /* ViewContactViewController.m in Sources */,
				9E04C7601753F4230010CD55 /* AddContactViewController.m in Sources */,
				9E04C7631753F73B0010CD55 /* Contact.m in Sources */,
			);
			runOnlyForDeploymentPostprocessing = 0;
		};
/* End PBXSourcesBuildPhase section */

/* Begin PBXVariantGroup section */
		9E04C7411753EB480010CD55 /* InfoPlist.strings */ = {
			isa = PBXVariantGroup;
			children = (
				9E04C7421753EB480010CD55 /* en */,
			);
			name = InfoPlist.strings;
			sourceTree = "<group>";
		};
		9E04C7501753EB480010CD55 /* MainStoryboard.storyboard */ = {
			isa = PBXVariantGroup;
			children = (
				9E04C7511753EB480010CD55 /* en */,
			);
			name = MainStoryboard.storyboard;
			sourceTree = "<group>";
		};
/* End PBXVariantGroup section */

/* Begin XCBuildConfiguration section */
		9E04C7561753EB480010CD55 /* Debug */ = {
			isa = XCBuildConfiguration;
			buildSettings = {
				ALWAYS_SEARCH_USER_PATHS = NO;
				CLANG_CXX_LANGUAGE_STANDARD = "gnu++0x";
				CLANG_CXX_LIBRARY = "libc++";
				CLANG_ENABLE_OBJC_ARC = YES;
				CLANG_WARN_CONSTANT_CONVERSION = YES;
				CLANG_WARN_EMPTY_BODY = YES;
				CLANG_WARN_ENUM_CONVERSION = YES;
				CLANG_WARN_INT_CONVERSION = YES;
				CLANG_WARN__DUPLICATE_METHOD_MATCH = YES;
				"CODE_SIGN_IDENTITY[sdk=iphoneos*]" = "iPhone Developer";
				COPY_PHASE_STRIP = NO;
				GCC_C_LANGUAGE_STANDARD = gnu99;
				GCC_DYNAMIC_NO_PIC = NO;
				GCC_OPTIMIZATION_LEVEL = 0;
				GCC_PREPROCESSOR_DEFINITIONS = (
					"DEBUG=1",
					"$(inherited)",
				);
				GCC_SYMBOLS_PRIVATE_EXTERN = NO;
				GCC_WARN_ABOUT_RETURN_TYPE = YES;
				GCC_WARN_UNINITIALIZED_AUTOS = YES;
				GCC_WARN_UNUSED_VARIABLE = YES;
				IPHONEOS_DEPLOYMENT_TARGET = 6.1;
				ONLY_ACTIVE_ARCH = YES;
				SDKROOT = iphoneos;
			};
			name = Debug;
		};
		9E04C7571753EB480010CD55 /* Release */ = {
			isa = XCBuildConfiguration;
			buildSettings = {
				ALWAYS_SEARCH_USER_PATHS = NO;
				CLANG_CXX_LANGUAGE_STANDARD = "gnu++0x";
				CLANG_CXX_LIBRARY = "libc++";
				CLANG_ENABLE_OBJC_ARC = YES;
				CLANG_WARN_CONSTANT_CONVERSION = YES;
				CLANG_WARN_EMPTY_BODY = YES;
				CLANG_WARN_ENUM_CONVERSION = YES;
				CLANG_WARN_INT_CONVERSION = YES;
				CLANG_WARN__DUPLICATE_METHOD_MATCH = YES;
				"CODE_SIGN_IDENTITY[sdk=iphoneos*]" = "iPhone Developer";
				COPY_PHASE_STRIP = YES;
				GCC_C_LANGUAGE_STANDARD = gnu99;
				GCC_WARN_ABOUT_RETURN_TYPE = YES;
				GCC_WARN_UNINITIALIZED_AUTOS = YES;
				GCC_WARN_UNUSED_VARIABLE = YES;
				IPHONEOS_DEPLOYMENT_TARGET = 6.1;
				OTHER_CFLAGS = "-DNS_BLOCK_ASSERTIONS=1";
				SDKROOT = iphoneos;
				VALIDATE_PRODUCT = YES;
			};
			name = Release;
		};
		9E04C7591753EB480010CD55 /* Debug */ = {
			isa = XCBuildConfiguration;
			buildSettings = {
				GCC_PRECOMPILE_PREFIX_HEADER = YES;
				GCC_PREFIX_HEADER = "AddressBookMashup/AddressBookMashup-Prefix.pch";
				INFOPLIST_FILE = "AddressBookMashup/AddressBookMashup-Info.plist";
				PRODUCT_NAME = "$(TARGET_NAME)";
				WRAPPER_EXTENSION = app;
			};
			name = Debug;
		};
		9E04C75A1753EB480010CD55 /* Release */ = {
			isa = XCBuildConfiguration;
			buildSettings = {
				GCC_PRECOMPILE_PREFIX_HEADER = YES;
				GCC_PREFIX_HEADER = "AddressBookMashup/AddressBookMashup-Prefix.pch";
				INFOPLIST_FILE = "AddressBookMashup/AddressBookMashup-Info.plist";
				PRODUCT_NAME = "$(TARGET_NAME)";
				WRAPPER_EXTENSION = app;
			};
			name = Release;
		};
/* End XCBuildConfiguration section */

/* Begin XCConfigurationList section */
		9E04C7301753EB480010CD55 /* Build configuration list for PBXProject "AddressBookMashup" */ = {
			isa = XCConfigurationList;
			buildConfigurations = (
				9E04C7561753EB480010CD55 /* Debug */,
				9E04C7571753EB480010CD55 /* Release */,
			);
			defaultConfigurationIsVisible = 0;
			defaultConfigurationName = Release;
		};
		9E04C7581753EB480010CD55 /* Build configuration list for PBXNativeTarget "AddressBookMashup" */ = {
			isa = XCConfigurationList;
			buildConfigurations = (
				9E04C7591753EB480010CD55 /* Debug */,
				9E04C75A1753EB480010CD55 /* Release */,
			);
			defaultConfigurationIsVisible = 0;
			defaultConfigurationName = Release;
		};
/* End XCConfigurationList section */
	};
	rootObject = 9E04C72D1753EB480010CD55 /* Project object */;
}
